
Microsoft Visual Studio Solution File, Format Version 12.00
# Visual Studio Version 16
VisualStudioVersion = 16.0.28922.388
MinimumVisualStudioVersion = 10.0.40219.1
Project("{8BC9CEB8-8B4A-11D0-8D11-00A0C91BC942}") = "TestServoPID", "TestServoPID\TestServoPID.vcxproj", "{EC0E1199-378D-4EF8-9BE4-181B31DDED7C}"
EndProject
Project("{FAE04EC0-301F-11D3-BF4B-00C04F79EFBC}") = "ServoPidControl", "ServoPIDControl\ServoPidControl.csproj", "{96237EB6-57EC-451E-A34B-A645B3D5E17B}"
EndProject
Project("{2150E333-8FDC-42A3-9474-1A3956D46DE8}") = "Solution Items", "Solution Items", "{CC0AF209-905C-441A-B514-14BEF063E465}"
	ProjectSection(SolutionItems) = preProject
		LICENSE = LICENSE
		README.md = README.md
		servopid.ino = servopid.ino
	EndProjectSection
EndProject
Project("{2150E333-8FDC-42A3-9474-1A3956D46DE8}") = "Adafruit-PWM-Servo-Driver", "Adafruit-PWM-Servo-Driver", "{09887C7C-D3AA-455B-B617-DCAFE1D65349}"
	ProjectSection(SolutionItems) = preProject
		Adafruit-PWM-Servo-Driver-Library\Adafruit_PWMServoDriver.cpp = Adafruit-PWM-Servo-Driver-Library\Adafruit_PWMServoDriver.cpp
		Adafruit-PWM-Servo-Driver-Library\Adafruit_PWMServoDriver.h = Adafruit-PWM-Servo-Driver-Library\Adafruit_PWMServoDriver.h
	EndProjectSection
EndProject
Project("{930C7802-8A8C-48F9-8165-68863BCCD9DD}") = "ServoPidControlSetup", "ServoPidControlSetup\ServoPidControlSetup.wixproj", "{D6D93CD3-04CD-4E19-8242-EF0FF7ECFCD5}"
EndProject
Global
	GlobalSection(SolutionConfigurationPlatforms) = preSolution
		Debug|Any CPU = Debug|Any CPU
		Debug|x64 = Debug|x64
		Debug|x86 = Debug|x86
		Release|Any CPU = Release|Any CPU
		Release|x64 = Release|x64
		Release|x86 = Release|x86
	EndGlobalSection
	GlobalSection(ProjectConfigurationPlatforms) = postSolution
		{EC0E1199-378D-4EF8-9BE4-181B31DDED7C}.Debug|Any CPU.ActiveCfg = Debug|Win32
		{EC0E1199-378D-4EF8-9BE4-181B31DDED7C}.Debug|Any CPU.Build.0 = Debug|Win32
		{EC0E1199-378D-4EF8-9BE4-181B31DDED7C}.Debug|x64.ActiveCfg = Debug|x64
		{EC0E1199-378D-4EF8-9BE4-181B31DDED7C}.Debug|x64.Build.0 = Debug|x64
		{EC0E1199-378D-4EF8-9BE4-181B31DDED7C}.Debug|x86.ActiveCfg = Debug|Win32
		{EC0E1199-378D-4EF8-9BE4-181B31DDED7C}.Debug|x86.Build.0 = Debug|Win32
		{EC0E1199-378D-4EF8-9BE4-181B31DDED7C}.Release|Any CPU.ActiveCfg = Release|Win32
		{EC0E1199-378D-4EF8-9BE4-181B31DDED7C}.Release|Any CPU.Build.0 = Release|Win32
		{EC0E1199-378D-4EF8-9BE4-181B31DDED7C}.Release|x64.ActiveCfg = Release|x64
		{EC0E1199-378D-4EF8-9BE4-181B31DDED7C}.Release|x64.Build.0 = Release|x64
		{EC0E1199-378D-4EF8-9BE4-181B31DDED7C}.Release|x86.ActiveCfg = Release|Win32
		{EC0E1199-378D-4EF8-9BE4-181B31DDED7C}.Release|x86.Build.0 = Release|Win32
		{96237EB6-57EC-451E-A34B-A645B3D5E17B}.Debug|Any CPU.ActiveCfg = Debug|Any CPU
		{96237EB6-57EC-451E-A34B-A645B3D5E17B}.Debug|Any CPU.Build.0 = Debug|Any CPU
		{96237EB6-57EC-451E-A34B-A645B3D5E17B}.Debug|x64.ActiveCfg = Debug|Any CPU
		{96237EB6-57EC-451E-A34B-A645B3D5E17B}.Debug|x64.Build.0 = Debug|Any CPU
		{96237EB6-57EC-451E-A34B-A645B3D5E17B}.Debug|x86.ActiveCfg = Debug|Any CPU
		{96237EB6-57EC-451E-A34B-A645B3D5E17B}.Debug|x86.Build.0 = Debug|Any CPU
		{96237EB6-57EC-451E-A34B-A645B3D5E17B}.Release|Any CPU.ActiveCfg = Release|Any CPU
		{96237EB6-57EC-451E-A34B-A645B3D5E17B}.Release|Any CPU.Build.0 = Release|Any CPU
		{96237EB6-57EC-451E-A34B-A645B3D5E17B}.Release|x64.ActiveCfg = Release|Any CPU
		{96237EB6-57EC-451E-A34B-A645B3D5E17B}.Release|x64.Build.0 = Release|Any CPU
		{96237EB6-57EC-451E-A34B-A645B3D5E17B}.Release|x86.ActiveCfg = Release|Any CPU
		{96237EB6-57EC-451E-A34B-A645B3D5E17B}.Release|x86.Build.0 = Release|Any CPU
		{D6D93CD3-04CD-4E19-8242-EF0FF7ECFCD5}.Debug|Any CPU.ActiveCfg = Debug|x86
		{D6D93CD3-04CD-4E19-8242-EF0FF7ECFCD5}.Debug|x64.ActiveCfg = Debug|x86
		{D6D93CD3-04CD-4E19-8242-EF0FF7ECFCD5}.Debug|x86.ActiveCfg = Debug|x86
		{D6D93CD3-04CD-4E19-8242-EF0FF7ECFCD5}.Debug|x86.Build.0 = Debug|x86
		{D6D93CD3-04CD-4E19-8242-EF0FF7ECFCD5}.Release|Any CPU.ActiveCfg = Release|x86
		{D6D93CD3-04CD-4E19-8242-EF0FF7ECFCD5}.Release|x64.ActiveCfg = Release|x86
		{D6D93CD3-04CD-4E19-8242-EF0FF7ECFCD5}.Release|x86.ActiveCfg = Release|x86
		{D6D93CD3-04CD-4E19-8242-EF0FF7ECFCD5}.Release|x86.Build.0 = Release|x86
	EndGlobalSection
	GlobalSection(SolutionProperties) = preSolution
		HideSolutionNode = FALSE
	EndGlobalSection
	GlobalSection(ExtensibilityGlobals) = postSolution
		SolutionGuid = {6FDE8474-14DE-47BA-A7AE-F7F04163E420}
	EndGlobalSection
EndGlobal
